// !$*UTF8*$!
{
    archiveVersion = 1;
    classes = {
    };
    objectVersion = 56;
    objects = {
        /* Generated by Blaink iOS Builder */
        /* This is a placeholder - use XcodeGen for proper project generation */
    };
    rootObject = 0867D690FE84155DC02AAC07 /* Project object */;
}